
Microsoft Visual Studio Solution File, Format Version 12.00
# Visual Studio 15
VisualStudioVersion = 15.0.28307.1062
MinimumVisualStudioVersion = 10.0.40219.1
Project("{FAE04EC0-301F-11D3-BF4B-00C04F79EFBC}") = "SAT.UI.MVC", "SAT.UI.MVC.csproj", "{998B0591-CBB8-4650-821A-3FE016BD9DCB}"
EndProject
Project("{FAE04EC0-301F-11D3-BF4B-00C04F79EFBC}") = "SAT.DATA.EF", "..\ClassLibrary1\SAT.DATA.EF.csproj", "{F249CE4F-B2C5-4BD0-82A3-F1B9C33E7E20}"
EndProject
Global
	GlobalSection(SolutionConfigurationPlatforms) = preSolution
		Debug|Any CPU = Debug|Any CPU
		Release|Any CPU = Release|Any CPU
	EndGlobalSection
	GlobalSection(ProjectConfigurationPlatforms) = postSolution
		{998B0591-CBB8-4650-821A-3FE016BD9DCB}.Debug|Any CPU.ActiveCfg = Debug|Any CPU
		{998B0591-CBB8-4650-821A-3FE016BD9DCB}.Debug|Any CPU.Build.0 = Debug|Any CPU
		{998B0591-CBB8-4650-821A-3FE016BD9DCB}.Release|Any CPU.ActiveCfg = Release|Any CPU
		{998B0591-CBB8-4650-821A-3FE016BD9DCB}.Release|Any CPU.Build.0 = Release|Any CPU
		{F249CE4F-B2C5-4BD0-82A3-F1B9C33E7E20}.Debug|Any CPU.ActiveCfg = Debug|Any CPU
		{F249CE4F-B2C5-4BD0-82A3-F1B9C33E7E20}.Debug|Any CPU.Build.0 = Debug|Any CPU
		{F249CE4F-B2C5-4BD0-82A3-F1B9C33E7E20}.Release|Any CPU.ActiveCfg = Release|Any CPU
		{F249CE4F-B2C5-4BD0-82A3-F1B9C33E7E20}.Release|Any CPU.Build.0 = Release|Any CPU
	EndGlobalSection
	GlobalSection(SolutionProperties) = preSolution
		HideSolutionNode = FALSE
	EndGlobalSection
	GlobalSection(ExtensibilityGlobals) = postSolution
		SolutionGuid = {36C27ADF-3751-4845-9082-66449F7B651C}
	EndGlobalSection
EndGlobal
